
Microsoft Visual Studio Solution File, Format Version 12.00
# Visual Studio 2012
Project("{FAE04EC0-301F-11D3-BF4B-00C04F79EFBC}") = "Algorithmia.Xamarin", "Algorithmia.Xamarin\Algorithmia.Xamarin.csproj", "{657F3986-801F-4B7D-ADA9-947AAE163BC1}"
EndProject
Global
	GlobalSection(SolutionConfigurationPlatforms) = preSolution
		Debug|Any CPU = Debug|Any CPU
		Release|Any CPU = Release|Any CPU
	EndGlobalSection
	GlobalSection(ProjectConfigurationPlatforms) = postSolution
		{657F3986-801F-4B7D-ADA9-947AAE163BC1}.Debug|Any CPU.ActiveCfg = Debug|Any CPU
		{657F3986-801F-4B7D-ADA9-947AAE163BC1}.Debug|Any CPU.Build.0 = Debug|Any CPU
		{657F3986-801F-4B7D-ADA9-947AAE163BC1}.Release|Any CPU.ActiveCfg = Release|Any CPU
		{657F3986-801F-4B7D-ADA9-947AAE163BC1}.Release|Any CPU.Build.0 = Release|Any CPU
	EndGlobalSection
EndGlobal
